
Microsoft Visual Studio Solution File, Format Version 12.00
# Visual Studio 15
VisualStudioVersion = 15.0.28307.168
MinimumVisualStudioVersion = 10.0.40219.1
Project("{FAE04EC0-301F-11D3-BF4B-00C04F79EFBC}") = "canvas", "canvas\canvas.csproj", "{DAECC56C-3D3E-4AC4-AC74-9FE02F95FEDB}"
EndProject
Global
	GlobalSection(SolutionConfigurationPlatforms) = preSolution
		Debug|Any CPU = Debug|Any CPU
		Release|Any CPU = Release|Any CPU
	EndGlobalSection
	GlobalSection(ProjectConfigurationPlatforms) = postSolution
		{DAECC56C-3D3E-4AC4-AC74-9FE02F95FEDB}.Debug|Any CPU.ActiveCfg = Debug|Any CPU
		{DAECC56C-3D3E-4AC4-AC74-9FE02F95FEDB}.Debug|Any CPU.Build.0 = Debug|Any CPU
		{DAECC56C-3D3E-4AC4-AC74-9FE02F95FEDB}.Release|Any CPU.ActiveCfg = Release|Any CPU
		{DAECC56C-3D3E-4AC4-AC74-9FE02F95FEDB}.Release|Any CPU.Build.0 = Release|Any CPU
	EndGlobalSection
	GlobalSection(SolutionProperties) = preSolution
		HideSolutionNode = FALSE
	EndGlobalSection
	GlobalSection(ExtensibilityGlobals) = postSolution
		SolutionGuid = {435DDDA7-17E3-4ED5-8CA7-3FCD62176E55}
	EndGlobalSection
EndGlobal
